// !$*UTF8*$!
{
	archiveVersion = 1;
	classes = {
	};
	objectVersion = 56;
	objects = {

/* Begin PBXBuildFile section */
		518E4E374B3C0A02EE39DDA7 /* Pods_Example.framework in Frameworks */ = {isa = PBXBuildFile; fileRef = 08DDAE1175ACB796A16245C0 /* Pods_Example.framework */; };
		62E79FEDDC073C61F1C5034D /* Pods_CourierService.framework in Frameworks */ = {isa = PBXBuildFile; fileRef = D1DB4ECEC963842E3D23D240 /* Pods_CourierService.framework */; };
		84C3C0272AC247EE0028575A /* AppDelegate.swift in Sources */ = {isa = PBXBuildFile; fileRef = 84C3C0262AC247EE0028575A /* AppDelegate.swift */; };
		84C3C0292AC247EE0028575A /* SceneDelegate.swift in Sources */ = {isa = PBXBuildFile; fileRef = 84C3C0282AC247EE0028575A /* SceneDelegate.swift */; };
		84C3C02B2AC247EE0028575A /* ViewController.swift in Sources */ = {isa = PBXBuildFile; fileRef = 84C3C02A2AC247EE0028575A /* ViewController.swift */; };
		84C3C02E2AC247EE0028575A /* Main.storyboard in Resources */ = {isa = PBXBuildFile; fileRef = 84C3C02C2AC247EE0028575A /* Main.storyboard */; };
		84C3C0302AC247F10028575A /* Assets.xcassets in Resources */ = {isa = PBXBuildFile; fileRef = 84C3C02F2AC247F10028575A /* Assets.xcassets */; };
		84C3C0332AC247F10028575A /* LaunchScreen.storyboard in Resources */ = {isa = PBXBuildFile; fileRef = 84C3C0312AC247F10028575A /* LaunchScreen.storyboard */; };
		84C3C0442AC24CEB0028575A /* NotificationService.swift in Sources */ = {isa = PBXBuildFile; fileRef = 84C3C0432AC24CEB0028575A /* NotificationService.swift */; };
		84C3C0482AC24CEB0028575A /* CourierService.appex in Embed Foundation Extensions */ = {isa = PBXBuildFile; fileRef = 84C3C0412AC24CEB0028575A /* CourierService.appex */; settings = {ATTRIBUTES = (RemoveHeadersOnCopy, ); }; };
		84C3C0562AC2565D0028575A /* Courier_iOS in Frameworks */ = {isa = PBXBuildFile; productRef = 84C3C0552AC2565D0028575A /* Courier_iOS */; };
		84C3C0582AC273DE0028575A /* GoogleService-Info.plist in Resources */ = {isa = PBXBuildFile; fileRef = 84C3C0572AC273DE0028575A /* GoogleService-Info.plist */; };
/* End PBXBuildFile section */

/* Begin PBXContainerItemProxy section */
		84C3C0462AC24CEB0028575A /* PBXContainerItemProxy */ = {
			isa = PBXContainerItemProxy;
			containerPortal = 84C3C01B2AC247EE0028575A /* Project object */;
			proxyType = 1;
			remoteGlobalIDString = 84C3C0402AC24CEB0028575A;
			remoteInfo = CourierService;
		};
/* End PBXContainerItemProxy section */

/* Begin PBXCopyFilesBuildPhase section */
		84C3C0492AC24CEB0028575A /* Embed Foundation Extensions */ = {
			isa = PBXCopyFilesBuildPhase;
			buildActionMask = 2147483647;
			dstPath = "";
			dstSubfolderSpec = 13;
			files = (
				84C3C0482AC24CEB0028575A /* CourierService.appex in Embed Foundation Extensions */,
			);
			name = "Embed Foundation Extensions";
			runOnlyForDeploymentPostprocessing = 0;
		};
/* End PBXCopyFilesBuildPhase section */

/* Begin PBXFileReference section */
		08DDAE1175ACB796A16245C0 /* Pods_Example.framework */ = {isa = PBXFileReference; explicitFileType = wrapper.framework; includeInIndex = 0; path = Pods_Example.framework; sourceTree = BUILT_PRODUCTS_DIR; };
		3A463447ABEFA747F26F9F46 /* Pods-CourierService.release.xcconfig */ = {isa = PBXFileReference; includeInIndex = 1; lastKnownFileType = text.xcconfig; name = "Pods-CourierService.release.xcconfig"; path = "Target Support Files/Pods-CourierService/Pods-CourierService.release.xcconfig"; sourceTree = "<group>"; };
		6B2652D134CDF88452D0CEE2 /* Pods-Example.release.xcconfig */ = {isa = PBXFileReference; includeInIndex = 1; lastKnownFileType = text.xcconfig; name = "Pods-Example.release.xcconfig"; path = "Target Support Files/Pods-Example/Pods-Example.release.xcconfig"; sourceTree = "<group>"; };
		84C3C0232AC247EE0028575A /* Example.app */ = {isa = PBXFileReference; explicitFileType = wrapper.application; includeInIndex = 0; path = Example.app; sourceTree = BUILT_PRODUCTS_DIR; };
		84C3C0262AC247EE0028575A /* AppDelegate.swift */ = {isa = PBXFileReference; lastKnownFileType = sourcecode.swift; path = AppDelegate.swift; sourceTree = "<group>"; };
		84C3C0282AC247EE0028575A /* SceneDelegate.swift */ = {isa = PBXFileReference; lastKnownFileType = sourcecode.swift; path = SceneDelegate.swift; sourceTree = "<group>"; };
		84C3C02A2AC247EE0028575A /* ViewController.swift */ = {isa = PBXFileReference; lastKnownFileType = sourcecode.swift; path = ViewController.swift; sourceTree = "<group>"; };
		84C3C02D2AC247EE0028575A /* Base */ = {isa = PBXFileReference; lastKnownFileType = file.storyboard; name = Base; path = Base.lproj/Main.storyboard; sourceTree = "<group>"; };
		84C3C02F2AC247F10028575A /* Assets.xcassets */ = {isa = PBXFileReference; lastKnownFileType = folder.assetcatalog; path = Assets.xcassets; sourceTree = "<group>"; };
		84C3C0322AC247F10028575A /* Base */ = {isa = PBXFileReference; lastKnownFileType = file.storyboard; name = Base; path = Base.lproj/LaunchScreen.storyboard; sourceTree = "<group>"; };
		84C3C0342AC247F10028575A /* Info.plist */ = {isa = PBXFileReference; lastKnownFileType = text.plist.xml; path = Info.plist; sourceTree = "<group>"; };
		84C3C03A2AC248480028575A /* Example.entitlements */ = {isa = PBXFileReference; lastKnownFileType = text.plist.entitlements; path = Example.entitlements; sourceTree = "<group>"; };
		84C3C0412AC24CEB0028575A /* CourierService.appex */ = {isa = PBXFileReference; explicitFileType = "wrapper.app-extension"; includeInIndex = 0; path = CourierService.appex; sourceTree = BUILT_PRODUCTS_DIR; };
		84C3C0432AC24CEB0028575A /* NotificationService.swift */ = {isa = PBXFileReference; lastKnownFileType = sourcecode.swift; path = NotificationService.swift; sourceTree = "<group>"; };
		84C3C0452AC24CEB0028575A /* Info.plist */ = {isa = PBXFileReference; lastKnownFileType = text.plist.xml; path = Info.plist; sourceTree = "<group>"; };
		84C3C0502AC256390028575A /* Courier_iOS.framework */ = {isa = PBXFileReference; explicitFileType = wrapper.framework; path = Courier_iOS.framework; sourceTree = BUILT_PRODUCTS_DIR; };
		84C3C0572AC273DE0028575A /* GoogleService-Info.plist */ = {isa = PBXFileReference; fileEncoding = 4; lastKnownFileType = text.plist.xml; path = "GoogleService-Info.plist"; sourceTree = "<group>"; };
		C5BE83120125536339F6010B /* Pods-CourierService.debug.xcconfig */ = {isa = PBXFileReference; includeInIndex = 1; lastKnownFileType = text.xcconfig; name = "Pods-CourierService.debug.xcconfig"; path = "Target Support Files/Pods-CourierService/Pods-CourierService.debug.xcconfig"; sourceTree = "<group>"; };
		D1DB4ECEC963842E3D23D240 /* Pods_CourierService.framework */ = {isa = PBXFileReference; explicitFileType = wrapper.framework; includeInIndex = 0; path = Pods_CourierService.framework; sourceTree = BUILT_PRODUCTS_DIR; };
		D2F0B132348DB11897EE65D7 /* Pods-Example.debug.xcconfig */ = {isa = PBXFileReference; includeInIndex = 1; lastKnownFileType = text.xcconfig; name = "Pods-Example.debug.xcconfig"; path = "Target Support Files/Pods-Example/Pods-Example.debug.xcconfig"; sourceTree = "<group>"; };
/* End PBXFileReference section */

/* Begin PBXFrameworksBuildPhase section */
		84C3C0202AC247EE0028575A /* Frameworks */ = {
			isa = PBXFrameworksBuildPhase;
			buildActionMask = 2147483647;
			files = (
				84C3C0562AC2565D0028575A /* Courier_iOS in Frameworks */,
				518E4E374B3C0A02EE39DDA7 /* Pods_Example.framework in Frameworks */,
			);
			runOnlyForDeploymentPostprocessing = 0;
		};
		84C3C03E2AC24CEB0028575A /* Frameworks */ = {
			isa = PBXFrameworksBuildPhase;
			buildActionMask = 2147483647;
			files = (
				62E79FEDDC073C61F1C5034D /* Pods_CourierService.framework in Frameworks */,
			);
			runOnlyForDeploymentPostprocessing = 0;
		};
/* End PBXFrameworksBuildPhase section */

/* Begin PBXGroup section */
		05D31DFC1666D6ABF49A2C89 /* Frameworks */ = {
			isa = PBXGroup;
			children = (
				84C3C0502AC256390028575A /* Courier_iOS.framework */,
				08DDAE1175ACB796A16245C0 /* Pods_Example.framework */,
				D1DB4ECEC963842E3D23D240 /* Pods_CourierService.framework */,
			);
			name = Frameworks;
			sourceTree = "<group>";
		};
		84C3C01A2AC247EE0028575A = {
			isa = PBXGroup;
			children = (
				84C3C0252AC247EE0028575A /* Example */,
				84C3C0422AC24CEB0028575A /* CourierService */,
				84C3C0242AC247EE0028575A /* Products */,
				A32F1CD22E582A4537BB58D0 /* Pods */,
				05D31DFC1666D6ABF49A2C89 /* Frameworks */,
			);
			sourceTree = "<group>";
		};
		84C3C0242AC247EE0028575A /* Products */ = {
			isa = PBXGroup;
			children = (
				84C3C0232AC247EE0028575A /* Example.app */,
				84C3C0412AC24CEB0028575A /* CourierService.appex */,
			);
			name = Products;
			sourceTree = "<group>";
		};
		84C3C0252AC247EE0028575A /* Example */ = {
			isa = PBXGroup;
			children = (
				84C3C0572AC273DE0028575A /* GoogleService-Info.plist */,
				84C3C03A2AC248480028575A /* Example.entitlements */,
				84C3C0262AC247EE0028575A /* AppDelegate.swift */,
				84C3C0282AC247EE0028575A /* SceneDelegate.swift */,
				84C3C02A2AC247EE0028575A /* ViewController.swift */,
				84C3C02C2AC247EE0028575A /* Main.storyboard */,
				84C3C02F2AC247F10028575A /* Assets.xcassets */,
				84C3C0312AC247F10028575A /* LaunchScreen.storyboard */,
				84C3C0342AC247F10028575A /* Info.plist */,
			);
			path = Example;
			sourceTree = "<group>";
		};
		84C3C0422AC24CEB0028575A /* CourierService */ = {
			isa = PBXGroup;
			children = (
				84C3C0432AC24CEB0028575A /* NotificationService.swift */,
				84C3C0452AC24CEB0028575A /* Info.plist */,
			);
			path = CourierService;
			sourceTree = "<group>";
		};
		A32F1CD22E582A4537BB58D0 /* Pods */ = {
			isa = PBXGroup;
			children = (
				D2F0B132348DB11897EE65D7 /* Pods-Example.debug.xcconfig */,
				6B2652D134CDF88452D0CEE2 /* Pods-Example.release.xcconfig */,
				C5BE83120125536339F6010B /* Pods-CourierService.debug.xcconfig */,
				3A463447ABEFA747F26F9F46 /* Pods-CourierService.release.xcconfig */,
			);
			path = Pods;
			sourceTree = "<group>";
		};
/* End PBXGroup section */

/* Begin PBXNativeTarget section */
		84C3C0222AC247EE0028575A /* Example */ = {
			isa = PBXNativeTarget;
			buildConfigurationList = 84C3C0372AC247F10028575A /* Build configuration list for PBXNativeTarget "Example" */;
			buildPhases = (
				46B55195BF6783A4ACFA988D /* [CP] Check Pods Manifest.lock */,
				84C3C01F2AC247EE0028575A /* Sources */,
				84C3C0202AC247EE0028575A /* Frameworks */,
				84C3C0212AC247EE0028575A /* Resources */,
				ADBD40D4378C78EFB9537F8D /* [CP] Embed Pods Frameworks */,
				84C3C0492AC24CEB0028575A /* Embed Foundation Extensions */,
			);
			buildRules = (
			);
			dependencies = (
				84C3C0472AC24CEB0028575A /* PBXTargetDependency */,
			);
			name = Example;
			packageProductDependencies = (
				84C3C0552AC2565D0028575A /* Courier_iOS */,
			);
			productName = Example;
			productReference = 84C3C0232AC247EE0028575A /* Example.app */;
			productType = "com.apple.product-type.application";
		};
		84C3C0402AC24CEB0028575A /* CourierService */ = {
			isa = PBXNativeTarget;
			buildConfigurationList = 84C3C04C2AC24CEB0028575A /* Build configuration list for PBXNativeTarget "CourierService" */;
			buildPhases = (
				5A229858D4CD5C5DF9BF4249 /* [CP] Check Pods Manifest.lock */,
				84C3C03D2AC24CEB0028575A /* Sources */,
				84C3C03E2AC24CEB0028575A /* Frameworks */,
				84C3C03F2AC24CEB0028575A /* Resources */,
			);
			buildRules = (
			);
			dependencies = (
			);
			name = CourierService;
			productName = CourierService;
			productReference = 84C3C0412AC24CEB0028575A /* CourierService.appex */;
			productType = "com.apple.product-type.app-extension";
		};
/* End PBXNativeTarget section */

/* Begin PBXProject section */
		84C3C01B2AC247EE0028575A /* Project object */ = {
			isa = PBXProject;
			attributes = {
				BuildIndependentTargetsInParallel = 1;
				LastSwiftUpdateCheck = 1430;
				LastUpgradeCheck = 1430;
				TargetAttributes = {
					84C3C0222AC247EE0028575A = {
						CreatedOnToolsVersion = 14.3.1;
					};
					84C3C0402AC24CEB0028575A = {
						CreatedOnToolsVersion = 14.3.1;
					};
				};
			};
			buildConfigurationList = 84C3C01E2AC247EE0028575A /* Build configuration list for PBXProject "Example" */;
			compatibilityVersion = "Xcode 14.0";
			developmentRegion = en;
			hasScannedForEncodings = 0;
			knownRegions = (
				en,
				Base,
			);
			mainGroup = 84C3C01A2AC247EE0028575A;
			packageReferences = (
				84C3C0542AC2565D0028575A /* XCRemoteSwiftPackageReference "courier-ios" */,
			);
			productRefGroup = 84C3C0242AC247EE0028575A /* Products */;
			projectDirPath = "";
			projectRoot = "";
			targets = (
				84C3C0222AC247EE0028575A /* Example */,
				84C3C0402AC24CEB0028575A /* CourierService */,
			);
		};
/* End PBXProject section */

/* Begin PBXResourcesBuildPhase section */
		84C3C0212AC247EE0028575A /* Resources */ = {
			isa = PBXResourcesBuildPhase;
			buildActionMask = 2147483647;
			files = (
				84C3C0332AC247F10028575A /* LaunchScreen.storyboard in Resources */,
				84C3C0582AC273DE0028575A /* GoogleService-Info.plist in Resources */,
				84C3C0302AC247F10028575A /* Assets.xcassets in Resources */,
				84C3C02E2AC247EE0028575A /* Main.storyboard in Resources */,
			);
			runOnlyForDeploymentPostprocessing = 0;
		};
		84C3C03F2AC24CEB0028575A /* Resources */ = {
			isa = PBXResourcesBuildPhase;
			buildActionMask = 2147483647;
			files = (
			);
			runOnlyForDeploymentPostprocessing = 0;
		};
/* End PBXResourcesBuildPhase section */

/* Begin PBXShellScriptBuildPhase section */
		46B55195BF6783A4ACFA988D /* [CP] Check Pods Manifest.lock */ = {
			isa = PBXShellScriptBuildPhase;
			buildActionMask = 2147483647;
			files = (
			);
			inputFileListPaths = (
			);
			inputPaths = (
				"${PODS_PODFILE_DIR_PATH}/Podfile.lock",
				"${PODS_ROOT}/Manifest.lock",
			);
			name = "[CP] Check Pods Manifest.lock";
			outputFileListPaths = (
			);
			outputPaths = (
				"$(DERIVED_FILE_DIR)/Pods-Example-checkManifestLockResult.txt",
			);
			runOnlyForDeploymentPostprocessing = 0;
			shellPath = /bin/sh;
			shellScript = "diff \"${PODS_PODFILE_DIR_PATH}/Podfile.lock\" \"${PODS_ROOT}/Manifest.lock\" > /dev/null\nif [ $? != 0 ] ; then\n    # print error to STDERR\n    echo \"error: The sandbox is not in sync with the Podfile.lock. Run 'pod install' or update your CocoaPods installation.\" >&2\n    exit 1\nfi\n# This output is used by Xcode 'outputs' to avoid re-running this script phase.\necho \"SUCCESS\" > \"${SCRIPT_OUTPUT_FILE_0}\"\n";
			showEnvVarsInLog = 0;
		};
		5A229858D4CD5C5DF9BF4249 /* [CP] Check Pods Manifest.lock */ = {
			isa = PBXShellScriptBuildPhase;
			buildActionMask = 2147483647;
			files = (
			);
			inputFileListPaths = (
			);
			inputPaths = (
				"${PODS_PODFILE_DIR_PATH}/Podfile.lock",
				"${PODS_ROOT}/Manifest.lock",
			);
			name = "[CP] Check Pods Manifest.lock";
			outputFileListPaths = (
			);
			outputPaths = (
				"$(DERIVED_FILE_DIR)/Pods-CourierService-checkManifestLockResult.txt",
			);
			runOnlyForDeploymentPostprocessing = 0;
			shellPath = /bin/sh;
			shellScript = "diff \"${PODS_PODFILE_DIR_PATH}/Podfile.lock\" \"${PODS_ROOT}/Manifest.lock\" > /dev/null\nif [ $? != 0 ] ; then\n    # print error to STDERR\n    echo \"error: The sandbox is not in sync with the Podfile.lock. Run 'pod install' or update your CocoaPods installation.\" >&2\n    exit 1\nfi\n# This output is used by Xcode 'outputs' to avoid re-running this script phase.\necho \"SUCCESS\" > \"${SCRIPT_OUTPUT_FILE_0}\"\n";
			showEnvVarsInLog = 0;
		};
		ADBD40D4378C78EFB9537F8D /* [CP] Embed Pods Frameworks */ = {
			isa = PBXShellScriptBuildPhase;
			buildActionMask = 2147483647;
			files = (
			);
			inputFileListPaths = (
				"${PODS_ROOT}/Target Support Files/Pods-Example/Pods-Example-frameworks-${CONFIGURATION}-input-files.xcfilelist",
			);
			name = "[CP] Embed Pods Frameworks";
			outputFileListPaths = (
				"${PODS_ROOT}/Target Support Files/Pods-Example/Pods-Example-frameworks-${CONFIGURATION}-output-files.xcfilelist",
			);
			runOnlyForDeploymentPostprocessing = 0;
			shellPath = /bin/sh;
			shellScript = "\"${PODS_ROOT}/Target Support Files/Pods-Example/Pods-Example-frameworks.sh\"\n";
			showEnvVarsInLog = 0;
		};
/* End PBXShellScriptBuildPhase section */

/* Begin PBXSourcesBuildPhase section */
		84C3C01F2AC247EE0028575A /* Sources */ = {
			isa = PBXSourcesBuildPhase;
			buildActionMask = 2147483647;
			files = (
				84C3C02B2AC247EE0028575A /* ViewController.swift in Sources */,
				84C3C0272AC247EE0028575A /* AppDelegate.swift in Sources */,
				84C3C0292AC247EE0028575A /* SceneDelegate.swift in Sources */,
			);
			runOnlyForDeploymentPostprocessing = 0;
		};
		84C3C03D2AC24CEB0028575A /* Sources */ = {
			isa = PBXSourcesBuildPhase;
			buildActionMask = 2147483647;
			files = (
				84C3C0442AC24CEB0028575A /* NotificationService.swift in Sources */,
			);
			runOnlyForDeploymentPostprocessing = 0;
		};
/* End PBXSourcesBuildPhase section */

/* Begin PBXTargetDependency section */
		84C3C0472AC24CEB0028575A /* PBXTargetDependency */ = {
			isa = PBXTargetDependency;
			target = 84C3C0402AC24CEB0028575A /* CourierService */;
			targetProxy = 84C3C0462AC24CEB0028575A /* PBXContainerItemProxy */;
		};
/* End PBXTargetDependency section */

/* Begin PBXVariantGroup section */
		84C3C02C2AC247EE0028575A /* Main.storyboard */ = {
			isa = PBXVariantGroup;
			children = (
				84C3C02D2AC247EE0028575A /* Base */,
			);
			name = Main.storyboard;
			sourceTree = "<group>";
		};
		84C3C0312AC247F10028575A /* LaunchScreen.storyboard */ = {
			isa = PBXVariantGroup;
			children = (
				84C3C0322AC247F10028575A /* Base */,
			);
			name = LaunchScreen.storyboard;
			sourceTree = "<group>";
		};
/* End PBXVariantGroup section */

/* Begin XCBuildConfiguration section */
		84C3C0352AC247F10028575A /* Debug */ = {
			isa = XCBuildConfiguration;
			buildSettings = {
				ALWAYS_SEARCH_USER_PATHS = NO;
				CLANG_ANALYZER_NONNULL = YES;
				CLANG_ANALYZER_NUMBER_OBJECT_CONVERSION = YES_AGGRESSIVE;
				CLANG_CXX_LANGUAGE_STANDARD = "gnu++20";
				CLANG_ENABLE_MODULES = YES;
				CLANG_ENABLE_OBJC_ARC = YES;
				CLANG_ENABLE_OBJC_WEAK = YES;
				CLANG_WARN_BLOCK_CAPTURE_AUTORELEASING = YES;
				CLANG_WARN_BOOL_CONVERSION = YES;
				CLANG_WARN_COMMA = YES;
				CLANG_WARN_CONSTANT_CONVERSION = YES;
				CLANG_WARN_DEPRECATED_OBJC_IMPLEMENTATIONS = YES;
				CLANG_WARN_DIRECT_OBJC_ISA_USAGE = YES_ERROR;
				CLANG_WARN_DOCUMENTATION_COMMENTS = YES;
				CLANG_WARN_EMPTY_BODY = YES;
				CLANG_WARN_ENUM_CONVERSION = YES;
				CLANG_WARN_INFINITE_RECURSION = YES;
				CLANG_WARN_INT_CONVERSION = YES;
				CLANG_WARN_NON_LITERAL_NULL_CONVERSION = YES;
				CLANG_WARN_OBJC_IMPLICIT_RETAIN_SELF = YES;
				CLANG_WARN_OBJC_LITERAL_CONVERSION = YES;
				CLANG_WARN_OBJC_ROOT_CLASS = YES_ERROR;
				CLANG_WARN_QUOTED_INCLUDE_IN_FRAMEWORK_HEADER = YES;
				CLANG_WARN_RANGE_LOOP_ANALYSIS = YES;
				CLANG_WARN_STRICT_PROTOTYPES = YES;
				CLANG_WARN_SUSPICIOUS_MOVE = YES;
				CLANG_WARN_UNGUARDED_AVAILABILITY = YES_AGGRESSIVE;
				CLANG_WARN_UNREACHABLE_CODE = YES;
				CLANG_WARN__DUPLICATE_METHOD_MATCH = YES;
				COPY_PHASE_STRIP = NO;
				DEBUG_INFORMATION_FORMAT = dwarf;
				ENABLE_STRICT_OBJC_MSGSEND = YES;
				ENABLE_TESTABILITY = YES;
				GCC_C_LANGUAGE_STANDARD = gnu11;
				GCC_DYNAMIC_NO_PIC = NO;
				GCC_NO_COMMON_BLOCKS = YES;
				GCC_OPTIMIZATION_LEVEL = 0;
				GCC_PREPROCESSOR_DEFINITIONS = (
					"DEBUG=1",
					"$(inherited)",
				);
				GCC_WARN_64_TO_32_BIT_CONVERSION = YES;
				GCC_WARN_ABOUT_RETURN_TYPE = YES_ERROR;
				GCC_WARN_UNDECLARED_SELECTOR = YES;
				GCC_WARN_UNINITIALIZED_AUTOS = YES_AGGRESSIVE;
				GCC_WARN_UNUSED_FUNCTION = YES;
				GCC_WARN_UNUSED_VARIABLE = YES;
				IPHONEOS_DEPLOYMENT_TARGET = 16.4;
				MTL_ENABLE_DEBUG_INFO = INCLUDE_SOURCE;
				MTL_FAST_MATH = YES;
				ONLY_ACTIVE_ARCH = YES;
				SDKROOT = iphoneos;
				SWIFT_ACTIVE_COMPILATION_CONDITIONS = DEBUG;
				SWIFT_OPTIMIZATION_LEVEL = "-Onone";
			};
			name = Debug;
		};
		84C3C0362AC247F10028575A /* Release */ = {
			isa = XCBuildConfiguration;
			buildSettings = {
				ALWAYS_SEARCH_USER_PATHS = NO;
				CLANG_ANALYZER_NONNULL = YES;
				CLANG_ANALYZER_NUMBER_OBJECT_CONVERSION = YES_AGGRESSIVE;
				CLANG_CXX_LANGUAGE_STANDARD = "gnu++20";
				CLANG_ENABLE_MODULES = YES;
				CLANG_ENABLE_OBJC_ARC = YES;
				CLANG_ENABLE_OBJC_WEAK = YES;
				CLANG_WARN_BLOCK_CAPTURE_AUTORELEASING = YES;
				CLANG_WARN_BOOL_CONVERSION = YES;
				CLANG_WARN_COMMA = YES;
				CLANG_WARN_CONSTANT_CONVERSION = YES;
				CLANG_WARN_DEPRECATED_OBJC_IMPLEMENTATIONS = YES;
				CLANG_WARN_DIRECT_OBJC_ISA_USAGE = YES_ERROR;
				CLANG_WARN_DOCUMENTATION_COMMENTS = YES;
				CLANG_WARN_EMPTY_BODY = YES;
				CLANG_WARN_ENUM_CONVERSION = YES;
				CLANG_WARN_INFINITE_RECURSION = YES;
				CLANG_WARN_INT_CONVERSION = YES;
				CLANG_WARN_NON_LITERAL_NULL_CONVERSION = YES;
				CLANG_WARN_OBJC_IMPLICIT_RETAIN_SELF = YES;
				CLANG_WARN_OBJC_LITERAL_CONVERSION = YES;
				CLANG_WARN_OBJC_ROOT_CLASS = YES_ERROR;
				CLANG_WARN_QUOTED_INCLUDE_IN_FRAMEWORK_HEADER = YES;
				CLANG_WARN_RANGE_LOOP_ANALYSIS = YES;
				CLANG_WARN_STRICT_PROTOTYPES = YES;
				CLANG_WARN_SUSPICIOUS_MOVE = YES;
				CLANG_WARN_UNGUARDED_AVAILABILITY = YES_AGGRESSIVE;
				CLANG_WARN_UNREACHABLE_CODE = YES;
				CLANG_WARN__DUPLICATE_METHOD_MATCH = YES;
				COPY_PHASE_STRIP = NO;
				DEBUG_INFORMATION_FORMAT = "dwarf-with-dsym";
				ENABLE_NS_ASSERTIONS = NO;
				ENABLE_STRICT_OBJC_MSGSEND = YES;
				GCC_C_LANGUAGE_STANDARD = gnu11;
				GCC_NO_COMMON_BLOCKS = YES;
				GCC_WARN_64_TO_32_BIT_CONVERSION = YES;
				GCC_WARN_ABOUT_RETURN_TYPE = YES_ERROR;
				GCC_WARN_UNDECLARED_SELECTOR = YES;
				GCC_WARN_UNINITIALIZED_AUTOS = YES_AGGRESSIVE;
				GCC_WARN_UNUSED_FUNCTION = YES;
				GCC_WARN_UNUSED_VARIABLE = YES;
				IPHONEOS_DEPLOYMENT_TARGET = 16.4;
				MTL_ENABLE_DEBUG_INFO = NO;
				MTL_FAST_MATH = YES;
				SDKROOT = iphoneos;
				SWIFT_COMPILATION_MODE = wholemodule;
				SWIFT_OPTIMIZATION_LEVEL = "-O";
				VALIDATE_PRODUCT = YES;
			};
			name = Release;
		};
		84C3C0382AC247F10028575A /* Debug */ = {
			isa = XCBuildConfiguration;
			baseConfigurationReference = D2F0B132348DB11897EE65D7 /* Pods-Example.debug.xcconfig */;
			buildSettings = {
				ALWAYS_EMBED_SWIFT_STANDARD_LIBRARIES = YES;
				ASSETCATALOG_COMPILER_APPICON_NAME = AppIcon;
				ASSETCATALOG_COMPILER_GLOBAL_ACCENT_COLOR_NAME = AccentColor;
				CODE_SIGN_ENTITLEMENTS = Example/Example.entitlements;
				CODE_SIGN_STYLE = Automatic;
				CURRENT_PROJECT_VERSION = 1;
				DEVELOPMENT_TEAM = ZMXK68PND8;
				GENERATE_INFOPLIST_FILE = YES;
				INFOPLIST_FILE = Example/Info.plist;
				INFOPLIST_KEY_UIApplicationSupportsIndirectInputEvents = YES;
				INFOPLIST_KEY_UILaunchStoryboardName = LaunchScreen;
				INFOPLIST_KEY_UIMainStoryboardFile = Main;
				INFOPLIST_KEY_UISupportedInterfaceOrientations_iPad = "UIInterfaceOrientationPortrait UIInterfaceOrientationPortraitUpsideDown UIInterfaceOrientationLandscapeLeft UIInterfaceOrientationLandscapeRight";
				INFOPLIST_KEY_UISupportedInterfaceOrientations_iPhone = "UIInterfaceOrientationPortrait UIInterfaceOrientationLandscapeLeft UIInterfaceOrientationLandscapeRight";
				LD_RUNPATH_SEARCH_PATHS = (
					"$(inherited)",
					"@executable_path/Frameworks",
				);
				MARKETING_VERSION = 1.0;
				PRODUCT_BUNDLE_IDENTIFIER = wod.example.Example;
				PRODUCT_NAME = "$(TARGET_NAME)";
				SWIFT_EMIT_LOC_STRINGS = YES;
				SWIFT_VERSION = 5.0;
				TARGETED_DEVICE_FAMILY = "1,2";
			};
			name = Debug;
		};
		84C3C0392AC247F10028575A /* Release */ = {
			isa = XCBuildConfiguration;
			baseConfigurationReference = 6B2652D134CDF88452D0CEE2 /* Pods-Example.release.xcconfig */;
			buildSettings = {
				ALWAYS_EMBED_SWIFT_STANDARD_LIBRARIES = YES;
				ASSETCATALOG_COMPILER_APPICON_NAME = AppIcon;
				ASSETCATALOG_COMPILER_GLOBAL_ACCENT_COLOR_NAME = AccentColor;
				CODE_SIGN_ENTITLEMENTS = Example/Example.entitlements;
				CODE_SIGN_STYLE = Automatic;
				CURRENT_PROJECT_VERSION = 1;
				DEVELOPMENT_TEAM = ZMXK68PND8;
				GENERATE_INFOPLIST_FILE = YES;
				INFOPLIST_FILE = Example/Info.plist;
				INFOPLIST_KEY_UIApplicationSupportsIndirectInputEvents = YES;
				INFOPLIST_KEY_UILaunchStoryboardName = LaunchScreen;
				INFOPLIST_KEY_UIMainStoryboardFile = Main;
				INFOPLIST_KEY_UISupportedInterfaceOrientations_iPad = "UIInterfaceOrientationPortrait UIInterfaceOrientationPortraitUpsideDown UIInterfaceOrientationLandscapeLeft UIInterfaceOrientationLandscapeRight";
				INFOPLIST_KEY_UISupportedInterfaceOrientations_iPhone = "UIInterfaceOrientationPortrait UIInterfaceOrientationLandscapeLeft UIInterfaceOrientationLandscapeRight";
				LD_RUNPATH_SEARCH_PATHS = (
					"$(inherited)",
					"@executable_path/Frameworks",
				);
				MARKETING_VERSION = 1.0;
				PRODUCT_BUNDLE_IDENTIFIER = wod.example.Example;
				PRODUCT_NAME = "$(TARGET_NAME)";
				SWIFT_EMIT_LOC_STRINGS = YES;
				SWIFT_VERSION = 5.0;
				TARGETED_DEVICE_FAMILY = "1,2";
			};
			name = Release;
		};
		84C3C04A2AC24CEB0028575A /* Debug */ = {
			isa = XCBuildConfiguration;
			baseConfigurationReference = C5BE83120125536339F6010B /* Pods-CourierService.debug.xcconfig */;
			buildSettings = {
				CODE_SIGN_STYLE = Automatic;
				CURRENT_PROJECT_VERSION = 1;
				DEVELOPMENT_TEAM = ZMXK68PND8;
				GENERATE_INFOPLIST_FILE = YES;
				INFOPLIST_FILE = CourierService/Info.plist;
				INFOPLIST_KEY_CFBundleDisplayName = CourierService;
				INFOPLIST_KEY_NSHumanReadableCopyright = "";
				LD_RUNPATH_SEARCH_PATHS = (
					"$(inherited)",
					"@executable_path/Frameworks",
					"@executable_path/../../Frameworks",
				);
				MARKETING_VERSION = 1.0;
				PRODUCT_BUNDLE_IDENTIFIER = wod.example.Example.CourierService;
				PRODUCT_NAME = "$(TARGET_NAME)";
				SKIP_INSTALL = YES;
				SWIFT_EMIT_LOC_STRINGS = YES;
				SWIFT_VERSION = 5.0;
				TARGETED_DEVICE_FAMILY = "1,2";
			};
			name = Debug;
		};
		84C3C04B2AC24CEB0028575A /* Release */ = {
			isa = XCBuildConfiguration;
			baseConfigurationReference = 3A463447ABEFA747F26F9F46 /* Pods-CourierService.release.xcconfig */;
			buildSettings = {
				CODE_SIGN_STYLE = Automatic;
				CURRENT_PROJECT_VERSION = 1;
				DEVELOPMENT_TEAM = ZMXK68PND8;
				GENERATE_INFOPLIST_FILE = YES;
				INFOPLIST_FILE = CourierService/Info.plist;
				INFOPLIST_KEY_CFBundleDisplayName = CourierService;
				INFOPLIST_KEY_NSHumanReadableCopyright = "";
				LD_RUNPATH_SEARCH_PATHS = (
					"$(inherited)",
					"@executable_path/Frameworks",
					"@executable_path/../../Frameworks",
				);
				MARKETING_VERSION = 1.0;
				PRODUCT_BUNDLE_IDENTIFIER = wod.example.Example.CourierService;
				PRODUCT_NAME = "$(TARGET_NAME)";
				SKIP_INSTALL = YES;
				SWIFT_EMIT_LOC_STRINGS = YES;
				SWIFT_VERSION = 5.0;
				TARGETED_DEVICE_FAMILY = "1,2";
			};
			name = Release;
		};
/* End XCBuildConfiguration section */

/* Begin XCConfigurationList section */
		84C3C01E2AC247EE0028575A /* Build configuration list for PBXProject "Example" */ = {
			isa = XCConfigurationList;
			buildConfigurations = (
				84C3C0352AC247F10028575A /* Debug */,
				84C3C0362AC247F10028575A /* Release */,
			);
			defaultConfigurationIsVisible = 0;
			defaultConfigurationName = Release;
		};
		84C3C0372AC247F10028575A /* Build configuration list for PBXNativeTarget "Example" */ = {
			isa = XCConfigurationList;
			buildConfigurations = (
				84C3C0382AC247F10028575A /* Debug */,
				84C3C0392AC247F10028575A /* Release */,
			);
			defaultConfigurationIsVisible = 0;
			defaultConfigurationName = Release;
		};
		84C3C04C2AC24CEB0028575A /* Build configuration list for PBXNativeTarget "CourierService" */ = {
			isa = XCConfigurationList;
			buildConfigurations = (
				84C3C04A2AC24CEB0028575A /* Debug */,
				84C3C04B2AC24CEB0028575A /* Release */,
			);
			defaultConfigurationIsVisible = 0;
			defaultConfigurationName = Release;
		};
/* End XCConfigurationList section */

/* Begin XCRemoteSwiftPackageReference section */
		84C3C0542AC2565D0028575A /* XCRemoteSwiftPackageReference "courier-ios" */ = {
			isa = XCRemoteSwiftPackageReference;
			repositoryURL = "https://github.com/trycourier/courier-ios";
			requirement = {
				kind = upToNextMajorVersion;
				minimumVersion = 2.0.0;
			};
		};
/* End XCRemoteSwiftPackageReference section */

/* Begin XCSwiftPackageProductDependency section */
		84C3C0552AC2565D0028575A /* Courier_iOS */ = {
			isa = XCSwiftPackageProductDependency;
			package = 84C3C0542AC2565D0028575A /* XCRemoteSwiftPackageReference "courier-ios" */;
			productName = Courier_iOS;
		};
/* End XCSwiftPackageProductDependency section */
	};
	rootObject = 84C3C01B2AC247EE0028575A /* Project object */;
}
